
Microsoft Visual Studio Solution File, Format Version 12.00
# Visual Studio 14
VisualStudioVersion = 14.0.25420.1
MinimumVisualStudioVersion = 10.0.40219.1
Project("{FAE04EC0-301F-11D3-BF4B-00C04F79EFBC}") = "UI", "UI\UI.csproj", "{A8DA06CC-7C8B-43AB-B6FA-8D0EC8B4114A}"
EndProject
Project("{FAE04EC0-301F-11D3-BF4B-00C04F79EFBC}") = "Core", "Core\Core.csproj", "{58D4EAF0-6487-4548-B5AF-CF2F4095549A}"
EndProject
Project("{FAE04EC0-301F-11D3-BF4B-00C04F79EFBC}") = "WPFCommon", "..\WPFCommon\WPFCommon\WPFCommon.csproj", "{7D6BE37F-D81B-4A5E-A1A0-A8D4381F0536}"
EndProject
Project("{FAE04EC0-301F-11D3-BF4B-00C04F79EFBC}") = "LJX8000.Core", "..\LJX8000Dev\LJX8000.Core\LJX8000.Core.csproj", "{F11CDC69-DA81-4E84-950F-33A1C345EDEB}"
EndProject
Project("{FAE04EC0-301F-11D3-BF4B-00C04F79EFBC}") = "PLCCommunication.Core", "..\PLCCommunication\PLCCommunication.Core\PLCCommunication.Core.csproj", "{FE922DF9-E533-4310-AEE4-6BDAF738AEE1}"
EndProject
Project("{FAE04EC0-301F-11D3-BF4B-00C04F79EFBC}") = "HKCamera", "..\HKCamera\HKCamera\HKCamera.csproj", "{AE5DE0E5-BE76-4753-807F-62384EF1B0DE}"
EndProject
Global
	GlobalSection(SolutionConfigurationPlatforms) = preSolution
		Debug|Any CPU = Debug|Any CPU
		Release|Any CPU = Release|Any CPU
	EndGlobalSection
	GlobalSection(ProjectConfigurationPlatforms) = postSolution
		{A8DA06CC-7C8B-43AB-B6FA-8D0EC8B4114A}.Debug|Any CPU.ActiveCfg = Debug|Any CPU
		{A8DA06CC-7C8B-43AB-B6FA-8D0EC8B4114A}.Debug|Any CPU.Build.0 = Debug|Any CPU
		{A8DA06CC-7C8B-43AB-B6FA-8D0EC8B4114A}.Release|Any CPU.ActiveCfg = Release|Any CPU
		{A8DA06CC-7C8B-43AB-B6FA-8D0EC8B4114A}.Release|Any CPU.Build.0 = Release|Any CPU
		{58D4EAF0-6487-4548-B5AF-CF2F4095549A}.Debug|Any CPU.ActiveCfg = Debug|Any CPU
		{58D4EAF0-6487-4548-B5AF-CF2F4095549A}.Debug|Any CPU.Build.0 = Debug|Any CPU
		{58D4EAF0-6487-4548-B5AF-CF2F4095549A}.Release|Any CPU.ActiveCfg = Release|Any CPU
		{58D4EAF0-6487-4548-B5AF-CF2F4095549A}.Release|Any CPU.Build.0 = Release|Any CPU
		{7D6BE37F-D81B-4A5E-A1A0-A8D4381F0536}.Debug|Any CPU.ActiveCfg = Debug|Any CPU
		{7D6BE37F-D81B-4A5E-A1A0-A8D4381F0536}.Debug|Any CPU.Build.0 = Debug|Any CPU
		{7D6BE37F-D81B-4A5E-A1A0-A8D4381F0536}.Release|Any CPU.ActiveCfg = Release|Any CPU
		{7D6BE37F-D81B-4A5E-A1A0-A8D4381F0536}.Release|Any CPU.Build.0 = Release|Any CPU
		{F11CDC69-DA81-4E84-950F-33A1C345EDEB}.Debug|Any CPU.ActiveCfg = Debug|Any CPU
		{F11CDC69-DA81-4E84-950F-33A1C345EDEB}.Debug|Any CPU.Build.0 = Debug|Any CPU
		{F11CDC69-DA81-4E84-950F-33A1C345EDEB}.Release|Any CPU.ActiveCfg = Release|Any CPU
		{F11CDC69-DA81-4E84-950F-33A1C345EDEB}.Release|Any CPU.Build.0 = Release|Any CPU
		{FE922DF9-E533-4310-AEE4-6BDAF738AEE1}.Debug|Any CPU.ActiveCfg = Debug|Any CPU
		{FE922DF9-E533-4310-AEE4-6BDAF738AEE1}.Debug|Any CPU.Build.0 = Debug|Any CPU
		{FE922DF9-E533-4310-AEE4-6BDAF738AEE1}.Release|Any CPU.ActiveCfg = Release|Any CPU
		{FE922DF9-E533-4310-AEE4-6BDAF738AEE1}.Release|Any CPU.Build.0 = Release|Any CPU
		{AE5DE0E5-BE76-4753-807F-62384EF1B0DE}.Debug|Any CPU.ActiveCfg = Debug|Any CPU
		{AE5DE0E5-BE76-4753-807F-62384EF1B0DE}.Debug|Any CPU.Build.0 = Debug|Any CPU
		{AE5DE0E5-BE76-4753-807F-62384EF1B0DE}.Release|Any CPU.ActiveCfg = Release|Any CPU
		{AE5DE0E5-BE76-4753-807F-62384EF1B0DE}.Release|Any CPU.Build.0 = Release|Any CPU
	EndGlobalSection
	GlobalSection(SolutionProperties) = preSolution
		HideSolutionNode = FALSE
	EndGlobalSection
	GlobalSection(ExtensibilityGlobals) = postSolution
		SolutionGuid = {F121A91C-A012-47E2-89F7-734BC75D05E5}
	EndGlobalSection
EndGlobal
