
Microsoft Visual Studio Solution File, Format Version 12.00
# Visual Studio Version 16
VisualStudioVersion = 16.0.29411.108
MinimumVisualStudioVersion = 10.0.40219.1
Project("{FAE04EC0-301F-11D3-BF4B-00C04F79EFBC}") = "UI", "UI\UI.csproj", "{A8DA06CC-7C8B-43AB-B6FA-8D0EC8B4114A}"
EndProject
Project("{FAE04EC0-301F-11D3-BF4B-00C04F79EFBC}") = "Core", "Core\Core.csproj", "{58D4EAF0-6487-4548-B5AF-CF2F4095549A}"
EndProject
Global
	GlobalSection(SolutionConfigurationPlatforms) = preSolution
		Debug|Any CPU = Debug|Any CPU
		Release|Any CPU = Release|Any CPU
	EndGlobalSection
	GlobalSection(ProjectConfigurationPlatforms) = postSolution
		{A8DA06CC-7C8B-43AB-B6FA-8D0EC8B4114A}.Debug|Any CPU.ActiveCfg = Debug|Any CPU
		{A8DA06CC-7C8B-43AB-B6FA-8D0EC8B4114A}.Debug|Any CPU.Build.0 = Debug|Any CPU
		{A8DA06CC-7C8B-43AB-B6FA-8D0EC8B4114A}.Release|Any CPU.ActiveCfg = Release|Any CPU
		{A8DA06CC-7C8B-43AB-B6FA-8D0EC8B4114A}.Release|Any CPU.Build.0 = Release|Any CPU
		{58D4EAF0-6487-4548-B5AF-CF2F4095549A}.Debug|Any CPU.ActiveCfg = Debug|Any CPU
		{58D4EAF0-6487-4548-B5AF-CF2F4095549A}.Debug|Any CPU.Build.0 = Debug|Any CPU
		{58D4EAF0-6487-4548-B5AF-CF2F4095549A}.Release|Any CPU.ActiveCfg = Release|Any CPU
		{58D4EAF0-6487-4548-B5AF-CF2F4095549A}.Release|Any CPU.Build.0 = Release|Any CPU
	EndGlobalSection
	GlobalSection(SolutionProperties) = preSolution
		HideSolutionNode = FALSE
	EndGlobalSection
	GlobalSection(ExtensibilityGlobals) = postSolution
		SolutionGuid = {F121A91C-A012-47E2-89F7-734BC75D05E5}
	EndGlobalSection
EndGlobal
